
Microsoft Visual Studio Solution File, Format Version 12.00
# Visual Studio Version 16
VisualStudioVersion = 16.0.31129.286
MinimumVisualStudioVersion = 10.0.40219.1
Project("{FAE04EC0-301F-11D3-BF4B-00C04F79EFBC}") = "IMGLoader", "IMGLoader.csproj", "{FF9E5A59-0F2A-4FDA-B05D-B23A5D9BC31D}"
EndProject
Global
	GlobalSection(SolutionConfigurationPlatforms) = preSolution
		Debug|Any CPU = Debug|Any CPU
		Release|Any CPU = Release|Any CPU
	EndGlobalSection
	GlobalSection(ProjectConfigurationPlatforms) = postSolution
		{FF9E5A59-0F2A-4FDA-B05D-B23A5D9BC31D}.Debug|Any CPU.ActiveCfg = Debug|Any CPU
		{FF9E5A59-0F2A-4FDA-B05D-B23A5D9BC31D}.Debug|Any CPU.Build.0 = Debug|Any CPU
		{FF9E5A59-0F2A-4FDA-B05D-B23A5D9BC31D}.Release|Any CPU.ActiveCfg = Release|Any CPU
		{FF9E5A59-0F2A-4FDA-B05D-B23A5D9BC31D}.Release|Any CPU.Build.0 = Release|Any CPU
	EndGlobalSection
	GlobalSection(SolutionProperties) = preSolution
		HideSolutionNode = FALSE
	EndGlobalSection
	GlobalSection(ExtensibilityGlobals) = postSolution
		SolutionGuid = {4919BA5D-D2B4-409B-8D59-C8E1D6E0D99E}
	EndGlobalSection
EndGlobal
